// !$*UTF8*$!
{
	archiveVersion = 1;
	classes = {
	};
	objectVersion = 51;
	objects = {

/* Begin PBXBuildFile section */
		271065772573A8DF004190E2 /* AppDelegate.swift in Sources */ = {isa = PBXBuildFile; fileRef = 271065762573A8DF004190E2 /* AppDelegate.swift */; };
		271065792573A8DF004190E2 /* SceneDelegate.swift in Sources */ = {isa = PBXBuildFile; fileRef = 271065782573A8DF004190E2 /* SceneDelegate.swift */; };
		2710657B2573A8DF004190E2 /* ViewController.swift in Sources */ = {isa = PBXBuildFile; fileRef = 2710657A2573A8DF004190E2 /* ViewController.swift */; };
		2710657E2573A8DF004190E2 /* Main.storyboard in Resources */ = {isa = PBXBuildFile; fileRef = 2710657C2573A8DF004190E2 /* Main.storyboard */; };
		271065802573A8E1004190E2 /* Assets.xcassets in Resources */ = {isa = PBXBuildFile; fileRef = 2710657F2573A8E1004190E2 /* Assets.xcassets */; };
		271065832573A8E1004190E2 /* LaunchScreen.storyboard in Resources */ = {isa = PBXBuildFile; fileRef = 271065812573A8E1004190E2 /* LaunchScreen.storyboard */; };
		2710658B2573B6AE004190E2 /* Constant.swift in Sources */ = {isa = PBXBuildFile; fileRef = 2710658A2573B6AE004190E2 /* Constant.swift */; };
		2710658D2573C451004190E2 /* UITabBarController.swift in Sources */ = {isa = PBXBuildFile; fileRef = 2710658C2573C451004190E2 /* UITabBarController.swift */; };
		274B6DCD2573E00400E6DB85 /* awsiot-identity.p12 in Resources */ = {isa = PBXBuildFile; fileRef = 274B6DCC2573E00400E6DB85 /* awsiot-identity.p12 */; };
		8B060F0957F48FC4E41DE011 /* Pods_AWSIoTSlider.framework in Frameworks */ = {isa = PBXBuildFile; fileRef = CCAA1DC10E5E0DC60E126538 /* Pods_AWSIoTSlider.framework */; };
/* End PBXBuildFile section */

/* Begin PBXFileReference section */
		271065732573A8DF004190E2 /* AWSIoTSlider.app */ = {isa = PBXFileReference; explicitFileType = wrapper.application; includeInIndex = 0; path = AWSIoTSlider.app; sourceTree = BUILT_PRODUCTS_DIR; };
		271065762573A8DF004190E2 /* AppDelegate.swift */ = {isa = PBXFileReference; lastKnownFileType = sourcecode.swift; path = AppDelegate.swift; sourceTree = "<group>"; };
		271065782573A8DF004190E2 /* SceneDelegate.swift */ = {isa = PBXFileReference; lastKnownFileType = sourcecode.swift; path = SceneDelegate.swift; sourceTree = "<group>"; };
		2710657A2573A8DF004190E2 /* ViewController.swift */ = {isa = PBXFileReference; lastKnownFileType = sourcecode.swift; path = ViewController.swift; sourceTree = "<group>"; };
		2710657D2573A8DF004190E2 /* Base */ = {isa = PBXFileReference; lastKnownFileType = file.storyboard; name = Base; path = Base.lproj/Main.storyboard; sourceTree = "<group>"; };
		2710657F2573A8E1004190E2 /* Assets.xcassets */ = {isa = PBXFileReference; lastKnownFileType = folder.assetcatalog; path = Assets.xcassets; sourceTree = "<group>"; };
		271065822573A8E1004190E2 /* Base */ = {isa = PBXFileReference; lastKnownFileType = file.storyboard; name = Base; path = Base.lproj/LaunchScreen.storyboard; sourceTree = "<group>"; };
		271065842573A8E1004190E2 /* Info.plist */ = {isa = PBXFileReference; lastKnownFileType = text.plist.xml; path = Info.plist; sourceTree = "<group>"; };
		2710658A2573B6AE004190E2 /* Constant.swift */ = {isa = PBXFileReference; lastKnownFileType = sourcecode.swift; path = Constant.swift; sourceTree = "<group>"; };
		2710658C2573C451004190E2 /* UITabBarController.swift */ = {isa = PBXFileReference; lastKnownFileType = sourcecode.swift; path = UITabBarController.swift; sourceTree = "<group>"; };
		274B6DCC2573E00400E6DB85 /* awsiot-identity.p12 */ = {isa = PBXFileReference; lastKnownFileType = file; path = "awsiot-identity.p12"; sourceTree = SOURCE_ROOT; };
		7B01ADB5515AF005C7BCA9C6 /* Pods-AWSIoTSlider.debug.xcconfig */ = {isa = PBXFileReference; includeInIndex = 1; lastKnownFileType = text.xcconfig; name = "Pods-AWSIoTSlider.debug.xcconfig"; path = "Target Support Files/Pods-AWSIoTSlider/Pods-AWSIoTSlider.debug.xcconfig"; sourceTree = "<group>"; };
		CCAA1DC10E5E0DC60E126538 /* Pods_AWSIoTSlider.framework */ = {isa = PBXFileReference; explicitFileType = wrapper.framework; includeInIndex = 0; path = Pods_AWSIoTSlider.framework; sourceTree = BUILT_PRODUCTS_DIR; };
		DA08FDABCDA1289B36A450AF /* Pods-AWSIoTSlider.release.xcconfig */ = {isa = PBXFileReference; includeInIndex = 1; lastKnownFileType = text.xcconfig; name = "Pods-AWSIoTSlider.release.xcconfig"; path = "Target Support Files/Pods-AWSIoTSlider/Pods-AWSIoTSlider.release.xcconfig"; sourceTree = "<group>"; };
/* End PBXFileReference section */

/* Begin PBXFrameworksBuildPhase section */
		271065702573A8DF004190E2 /* Frameworks */ = {
			isa = PBXFrameworksBuildPhase;
			buildActionMask = 2147483647;
			files = (
				8B060F0957F48FC4E41DE011 /* Pods_AWSIoTSlider.framework in Frameworks */,
			);
			runOnlyForDeploymentPostprocessing = 0;
		};
/* End PBXFrameworksBuildPhase section */

/* Begin PBXGroup section */
		1B4E8167EC6B6183A869DD32 /* Frameworks */ = {
			isa = PBXGroup;
			children = (
				CCAA1DC10E5E0DC60E126538 /* Pods_AWSIoTSlider.framework */,
			);
			name = Frameworks;
			sourceTree = "<group>";
		};
		2710656A2573A8DF004190E2 = {
			isa = PBXGroup;
			children = (
				271065752573A8DF004190E2 /* AWSIoTSlider */,
				271065742573A8DF004190E2 /* Products */,
				6375A75C6A19FF49B7390C7B /* Pods */,
				1B4E8167EC6B6183A869DD32 /* Frameworks */,
			);
			sourceTree = "<group>";
		};
		271065742573A8DF004190E2 /* Products */ = {
			isa = PBXGroup;
			children = (
				271065732573A8DF004190E2 /* AWSIoTSlider.app */,
			);
			name = Products;
			sourceTree = "<group>";
		};
		271065752573A8DF004190E2 /* AWSIoTSlider */ = {
			isa = PBXGroup;
			children = (
				271065762573A8DF004190E2 /* AppDelegate.swift */,
				274B6DCC2573E00400E6DB85 /* awsiot-identity.p12 */,
				271065782573A8DF004190E2 /* SceneDelegate.swift */,
				2710657A2573A8DF004190E2 /* ViewController.swift */,
				2710658C2573C451004190E2 /* UITabBarController.swift */,
				2710657C2573A8DF004190E2 /* Main.storyboard */,
				2710657F2573A8E1004190E2 /* Assets.xcassets */,
				271065812573A8E1004190E2 /* LaunchScreen.storyboard */,
				271065842573A8E1004190E2 /* Info.plist */,
				2710658A2573B6AE004190E2 /* Constant.swift */,
			);
			path = AWSIoTSlider;
			sourceTree = "<group>";
		};
		6375A75C6A19FF49B7390C7B /* Pods */ = {
			isa = PBXGroup;
			children = (
				7B01ADB5515AF005C7BCA9C6 /* Pods-AWSIoTSlider.debug.xcconfig */,
				DA08FDABCDA1289B36A450AF /* Pods-AWSIoTSlider.release.xcconfig */,
			);
			path = Pods;
			sourceTree = "<group>";
		};
/* End PBXGroup section */

/* Begin PBXNativeTarget section */
		271065722573A8DF004190E2 /* AWSIoTSlider */ = {
			isa = PBXNativeTarget;
			buildConfigurationList = 271065872573A8E1004190E2 /* Build configuration list for PBXNativeTarget "AWSIoTSlider" */;
			buildPhases = (
				E1CBF6471E2EE19925467268 /* [CP] Check Pods Manifest.lock */,
				2710656F2573A8DF004190E2 /* Sources */,
				271065702573A8DF004190E2 /* Frameworks */,
				271065712573A8DF004190E2 /* Resources */,
				77634942D6F36E6AE0E5E19F /* [CP] Embed Pods Frameworks */,
			);
			buildRules = (
			);
			dependencies = (
			);
			name = AWSIoTSlider;
			productName = AWSIoTSlider;
			productReference = 271065732573A8DF004190E2 /* AWSIoTSlider.app */;
			productType = "com.apple.product-type.application";
		};
/* End PBXNativeTarget section */

/* Begin PBXProject section */
		2710656B2573A8DF004190E2 /* Project object */ = {
			isa = PBXProject;
			attributes = {
				LastSwiftUpdateCheck = 1150;
				LastUpgradeCheck = 1150;
				ORGANIZATIONNAME = biorithm;
				TargetAttributes = {
					271065722573A8DF004190E2 = {
						CreatedOnToolsVersion = 11.5;
					};
				};
			};
			buildConfigurationList = 2710656E2573A8DF004190E2 /* Build configuration list for PBXProject "AWSIoTSlider" */;
			compatibilityVersion = "Xcode 9.3";
			developmentRegion = en;
			hasScannedForEncodings = 0;
			knownRegions = (
				en,
				Base,
			);
			mainGroup = 2710656A2573A8DF004190E2;
			productRefGroup = 271065742573A8DF004190E2 /* Products */;
			projectDirPath = "";
			projectRoot = "";
			targets = (
				271065722573A8DF004190E2 /* AWSIoTSlider */,
			);
		};
/* End PBXProject section */

/* Begin PBXResourcesBuildPhase section */
		271065712573A8DF004190E2 /* Resources */ = {
			isa = PBXResourcesBuildPhase;
			buildActionMask = 2147483647;
			files = (
				271065832573A8E1004190E2 /* LaunchScreen.storyboard in Resources */,
				271065802573A8E1004190E2 /* Assets.xcassets in Resources */,
				274B6DCD2573E00400E6DB85 /* awsiot-identity.p12 in Resources */,
				2710657E2573A8DF004190E2 /* Main.storyboard in Resources */,
			);
			runOnlyForDeploymentPostprocessing = 0;
		};
/* End PBXResourcesBuildPhase section */

/* Begin PBXShellScriptBuildPhase section */
		77634942D6F36E6AE0E5E19F /* [CP] Embed Pods Frameworks */ = {
			isa = PBXShellScriptBuildPhase;
			buildActionMask = 2147483647;
			files = (
			);
			inputFileListPaths = (
				"${PODS_ROOT}/Target Support Files/Pods-AWSIoTSlider/Pods-AWSIoTSlider-frameworks-${CONFIGURATION}-input-files.xcfilelist",
			);
			name = "[CP] Embed Pods Frameworks";
			outputFileListPaths = (
				"${PODS_ROOT}/Target Support Files/Pods-AWSIoTSlider/Pods-AWSIoTSlider-frameworks-${CONFIGURATION}-output-files.xcfilelist",
			);
			runOnlyForDeploymentPostprocessing = 0;
			shellPath = /bin/sh;
			shellScript = "\"${PODS_ROOT}/Target Support Files/Pods-AWSIoTSlider/Pods-AWSIoTSlider-frameworks.sh\"\n";
			showEnvVarsInLog = 0;
		};
		E1CBF6471E2EE19925467268 /* [CP] Check Pods Manifest.lock */ = {
			isa = PBXShellScriptBuildPhase;
			buildActionMask = 2147483647;
			files = (
			);
			inputFileListPaths = (
			);
			inputPaths = (
				"${PODS_PODFILE_DIR_PATH}/Podfile.lock",
				"${PODS_ROOT}/Manifest.lock",
			);
			name = "[CP] Check Pods Manifest.lock";
			outputFileListPaths = (
			);
			outputPaths = (
				"$(DERIVED_FILE_DIR)/Pods-AWSIoTSlider-checkManifestLockResult.txt",
			);
			runOnlyForDeploymentPostprocessing = 0;
			shellPath = /bin/sh;
			shellScript = "diff \"${PODS_PODFILE_DIR_PATH}/Podfile.lock\" \"${PODS_ROOT}/Manifest.lock\" > /dev/null\nif [ $? != 0 ] ; then\n    # print error to STDERR\n    echo \"error: The sandbox is not in sync with the Podfile.lock. Run 'pod install' or update your CocoaPods installation.\" >&2\n    exit 1\nfi\n# This output is used by Xcode 'outputs' to avoid re-running this script phase.\necho \"SUCCESS\" > \"${SCRIPT_OUTPUT_FILE_0}\"\n";
			showEnvVarsInLog = 0;
		};
/* End PBXShellScriptBuildPhase section */

/* Begin PBXSourcesBuildPhase section */
		2710656F2573A8DF004190E2 /* Sources */ = {
			isa = PBXSourcesBuildPhase;
			buildActionMask = 2147483647;
			files = (
				2710657B2573A8DF004190E2 /* ViewController.swift in Sources */,
				271065772573A8DF004190E2 /* AppDelegate.swift in Sources */,
				271065792573A8DF004190E2 /* SceneDelegate.swift in Sources */,
				2710658D2573C451004190E2 /* UITabBarController.swift in Sources */,
				2710658B2573B6AE004190E2 /* Constant.swift in Sources */,
			);
			runOnlyForDeploymentPostprocessing = 0;
		};
/* End PBXSourcesBuildPhase section */

/* Begin PBXVariantGroup section */
		2710657C2573A8DF004190E2 /* Main.storyboard */ = {
			isa = PBXVariantGroup;
			children = (
				2710657D2573A8DF004190E2 /* Base */,
			);
			name = Main.storyboard;
			sourceTree = "<group>";
		};
		271065812573A8E1004190E2 /* LaunchScreen.storyboard */ = {
			isa = PBXVariantGroup;
			children = (
				271065822573A8E1004190E2 /* Base */,
			);
			name = LaunchScreen.storyboard;
			sourceTree = "<group>";
		};
/* End PBXVariantGroup section */

/* Begin XCBuildConfiguration section */
		271065852573A8E1004190E2 /* Debug */ = {
			isa = XCBuildConfiguration;
			buildSettings = {
				ALWAYS_SEARCH_USER_PATHS = NO;
				CLANG_ANALYZER_NONNULL = YES;
				CLANG_ANALYZER_NUMBER_OBJECT_CONVERSION = YES_AGGRESSIVE;
				CLANG_CXX_LANGUAGE_STANDARD = "gnu++14";
				CLANG_CXX_LIBRARY = "libc++";
				CLANG_ENABLE_MODULES = YES;
				CLANG_ENABLE_OBJC_ARC = YES;
				CLANG_ENABLE_OBJC_WEAK = YES;
				CLANG_WARN_BLOCK_CAPTURE_AUTORELEASING = YES;
				CLANG_WARN_BOOL_CONVERSION = YES;
				CLANG_WARN_COMMA = YES;
				CLANG_WARN_CONSTANT_CONVERSION = YES;
				CLANG_WARN_DEPRECATED_OBJC_IMPLEMENTATIONS = YES;
				CLANG_WARN_DIRECT_OBJC_ISA_USAGE = YES_ERROR;
				CLANG_WARN_DOCUMENTATION_COMMENTS = YES;
				CLANG_WARN_EMPTY_BODY = YES;
				CLANG_WARN_ENUM_CONVERSION = YES;
				CLANG_WARN_INFINITE_RECURSION = YES;
				CLANG_WARN_INT_CONVERSION = YES;
				CLANG_WARN_NON_LITERAL_NULL_CONVERSION = YES;
				CLANG_WARN_OBJC_IMPLICIT_RETAIN_SELF = YES;
				CLANG_WARN_OBJC_LITERAL_CONVERSION = YES;
				CLANG_WARN_OBJC_ROOT_CLASS = YES_ERROR;
				CLANG_WARN_RANGE_LOOP_ANALYSIS = YES;
				CLANG_WARN_STRICT_PROTOTYPES = YES;
				CLANG_WARN_SUSPICIOUS_MOVE = YES;
				CLANG_WARN_UNGUARDED_AVAILABILITY = YES_AGGRESSIVE;
				CLANG_WARN_UNREACHABLE_CODE = YES;
				CLANG_WARN__DUPLICATE_METHOD_MATCH = YES;
				CODE_SIGN_IDENTITY = "iPhone Developer";
				COPY_PHASE_STRIP = NO;
				DEBUG_INFORMATION_FORMAT = dwarf;
				ENABLE_STRICT_OBJC_MSGSEND = YES;
				ENABLE_TESTABILITY = YES;
				GCC_C_LANGUAGE_STANDARD = gnu11;
				GCC_DYNAMIC_NO_PIC = NO;
				GCC_NO_COMMON_BLOCKS = YES;
				GCC_OPTIMIZATION_LEVEL = 0;
				GCC_PREPROCESSOR_DEFINITIONS = (
					"DEBUG=1",
					"$(inherited)",
				);
				GCC_WARN_64_TO_32_BIT_CONVERSION = YES;
				GCC_WARN_ABOUT_RETURN_TYPE = YES_ERROR;
				GCC_WARN_UNDECLARED_SELECTOR = YES;
				GCC_WARN_UNINITIALIZED_AUTOS = YES_AGGRESSIVE;
				GCC_WARN_UNUSED_FUNCTION = YES;
				GCC_WARN_UNUSED_VARIABLE = YES;
				IPHONEOS_DEPLOYMENT_TARGET = 13.5;
				MTL_ENABLE_DEBUG_INFO = INCLUDE_SOURCE;
				MTL_FAST_MATH = YES;
				ONLY_ACTIVE_ARCH = YES;
				SDKROOT = iphoneos;
				SWIFT_ACTIVE_COMPILATION_CONDITIONS = DEBUG;
				SWIFT_OPTIMIZATION_LEVEL = "-Onone";
			};
			name = Debug;
		};
		271065862573A8E1004190E2 /* Release */ = {
			isa = XCBuildConfiguration;
			buildSettings = {
				ALWAYS_SEARCH_USER_PATHS = NO;
				CLANG_ANALYZER_NONNULL = YES;
				CLANG_ANALYZER_NUMBER_OBJECT_CONVERSION = YES_AGGRESSIVE;
				CLANG_CXX_LANGUAGE_STANDARD = "gnu++14";
				CLANG_CXX_LIBRARY = "libc++";
				CLANG_ENABLE_MODULES = YES;
				CLANG_ENABLE_OBJC_ARC = YES;
				CLANG_ENABLE_OBJC_WEAK = YES;
				CLANG_WARN_BLOCK_CAPTURE_AUTORELEASING = YES;
				CLANG_WARN_BOOL_CONVERSION = YES;
				CLANG_WARN_COMMA = YES;
				CLANG_WARN_CONSTANT_CONVERSION = YES;
				CLANG_WARN_DEPRECATED_OBJC_IMPLEMENTATIONS = YES;
				CLANG_WARN_DIRECT_OBJC_ISA_USAGE = YES_ERROR;
				CLANG_WARN_DOCUMENTATION_COMMENTS = YES;
				CLANG_WARN_EMPTY_BODY = YES;
				CLANG_WARN_ENUM_CONVERSION = YES;
				CLANG_WARN_INFINITE_RECURSION = YES;
				CLANG_WARN_INT_CONVERSION = YES;
				CLANG_WARN_NON_LITERAL_NULL_CONVERSION = YES;
				CLANG_WARN_OBJC_IMPLICIT_RETAIN_SELF = YES;
				CLANG_WARN_OBJC_LITERAL_CONVERSION = YES;
				CLANG_WARN_OBJC_ROOT_CLASS = YES_ERROR;
				CLANG_WARN_RANGE_LOOP_ANALYSIS = YES;
				CLANG_WARN_STRICT_PROTOTYPES = YES;
				CLANG_WARN_SUSPICIOUS_MOVE = YES;
				CLANG_WARN_UNGUARDED_AVAILABILITY = YES_AGGRESSIVE;
				CLANG_WARN_UNREACHABLE_CODE = YES;
				CLANG_WARN__DUPLICATE_METHOD_MATCH = YES;
				CODE_SIGN_IDENTITY = "iPhone Developer";
				COPY_PHASE_STRIP = NO;
				DEBUG_INFORMATION_FORMAT = "dwarf-with-dsym";
				ENABLE_NS_ASSERTIONS = NO;
				ENABLE_STRICT_OBJC_MSGSEND = YES;
				GCC_C_LANGUAGE_STANDARD = gnu11;
				GCC_NO_COMMON_BLOCKS = YES;
				GCC_WARN_64_TO_32_BIT_CONVERSION = YES;
				GCC_WARN_ABOUT_RETURN_TYPE = YES_ERROR;
				GCC_WARN_UNDECLARED_SELECTOR = YES;
				GCC_WARN_UNINITIALIZED_AUTOS = YES_AGGRESSIVE;
				GCC_WARN_UNUSED_FUNCTION = YES;
				GCC_WARN_UNUSED_VARIABLE = YES;
				IPHONEOS_DEPLOYMENT_TARGET = 13.5;
				MTL_ENABLE_DEBUG_INFO = NO;
				MTL_FAST_MATH = YES;
				SDKROOT = iphoneos;
				SWIFT_COMPILATION_MODE = wholemodule;
				SWIFT_OPTIMIZATION_LEVEL = "-O";
				VALIDATE_PRODUCT = YES;
			};
			name = Release;
		};
		271065882573A8E1004190E2 /* Debug */ = {
			isa = XCBuildConfiguration;
			baseConfigurationReference = 7B01ADB5515AF005C7BCA9C6 /* Pods-AWSIoTSlider.debug.xcconfig */;
			buildSettings = {
				ASSETCATALOG_COMPILER_APPICON_NAME = AppIcon;
				CODE_SIGN_IDENTITY = "Apple Development";
				CODE_SIGN_STYLE = Automatic;
				DEVELOPMENT_TEAM = G6D7PC435T;
				INFOPLIST_FILE = AWSIoTSlider/Info.plist;
				IPHONEOS_DEPLOYMENT_TARGET = 12.4;
				LD_RUNPATH_SEARCH_PATHS = (
					"$(inherited)",
					"@executable_path/Frameworks",
				);
				PRODUCT_BUNDLE_IDENTIFIER = haitran.NotificationCenterExample;
				PRODUCT_NAME = "$(TARGET_NAME)";
				PROVISIONING_PROFILE_SPECIFIER = "";
				SWIFT_VERSION = 5.0;
				TARGETED_DEVICE_FAMILY = "1,2";
			};
			name = Debug;
		};
		271065892573A8E1004190E2 /* Release */ = {
			isa = XCBuildConfiguration;
			baseConfigurationReference = DA08FDABCDA1289B36A450AF /* Pods-AWSIoTSlider.release.xcconfig */;
			buildSettings = {
				ASSETCATALOG_COMPILER_APPICON_NAME = AppIcon;
				CODE_SIGN_IDENTITY = "Apple Development";
				CODE_SIGN_STYLE = Automatic;
				DEVELOPMENT_TEAM = G6D7PC435T;
				INFOPLIST_FILE = AWSIoTSlider/Info.plist;
				IPHONEOS_DEPLOYMENT_TARGET = 12.4;
				LD_RUNPATH_SEARCH_PATHS = (
					"$(inherited)",
					"@executable_path/Frameworks",
				);
				PRODUCT_BUNDLE_IDENTIFIER = haitran.NotificationCenterExample;
				PRODUCT_NAME = "$(TARGET_NAME)";
				PROVISIONING_PROFILE_SPECIFIER = "";
				SWIFT_VERSION = 5.0;
				TARGETED_DEVICE_FAMILY = "1,2";
			};
			name = Release;
		};
/* End XCBuildConfiguration section */

/* Begin XCConfigurationList section */
		2710656E2573A8DF004190E2 /* Build configuration list for PBXProject "AWSIoTSlider" */ = {
			isa = XCConfigurationList;
			buildConfigurations = (
				271065852573A8E1004190E2 /* Debug */,
				271065862573A8E1004190E2 /* Release */,
			);
			defaultConfigurationIsVisible = 0;
			defaultConfigurationName = Release;
		};
		271065872573A8E1004190E2 /* Build configuration list for PBXNativeTarget "AWSIoTSlider" */ = {
			isa = XCConfigurationList;
			buildConfigurations = (
				271065882573A8E1004190E2 /* Debug */,
				271065892573A8E1004190E2 /* Release */,
			);
			defaultConfigurationIsVisible = 0;
			defaultConfigurationName = Release;
		};
/* End XCConfigurationList section */
	};
	rootObject = 2710656B2573A8DF004190E2 /* Project object */;
}
